
Microsoft Visual Studio Solution File, Format Version 12.00
# Visual Studio 15
VisualStudioVersion = 15.0.28010.2036
MinimumVisualStudioVersion = 10.0.40219.1
Project("{FAE04EC0-301F-11D3-BF4B-00C04F79EFBC}") = "LogOffSystem", "LogOffSystem\LogOffSystem.csproj", "{9FE46929-7EBD-47B9-89C1-3275DBC82246}"
EndProject
Global
	GlobalSection(SolutionConfigurationPlatforms) = preSolution
		Debug|Any CPU = Debug|Any CPU
		Release|Any CPU = Release|Any CPU
	EndGlobalSection
	GlobalSection(ProjectConfigurationPlatforms) = postSolution
		{9FE46929-7EBD-47B9-89C1-3275DBC82246}.Debug|Any CPU.ActiveCfg = Debug|Any CPU
		{9FE46929-7EBD-47B9-89C1-3275DBC82246}.Debug|Any CPU.Build.0 = Debug|Any CPU
		{9FE46929-7EBD-47B9-89C1-3275DBC82246}.Release|Any CPU.ActiveCfg = Release|Any CPU
		{9FE46929-7EBD-47B9-89C1-3275DBC82246}.Release|Any CPU.Build.0 = Release|Any CPU
	EndGlobalSection
	GlobalSection(SolutionProperties) = preSolution
		HideSolutionNode = FALSE
	EndGlobalSection
	GlobalSection(ExtensibilityGlobals) = postSolution
		SolutionGuid = {E4FDD8D8-1A2D-4C9A-B084-B2D7002BFBA2}
	EndGlobalSection
EndGlobal
